// !$*UTF8*$!
{
	archiveVersion = 1;
	classes = {
	};
	objectVersion = 56;
	objects = {

/* Begin PBXBuildFile section */
		394B487D2C479D92008096BC /* AppDelegate.swift in Sources */ = {isa = PBXBuildFile; fileRef = 394B487C2C479D92008096BC /* AppDelegate.swift */; };
		394B487F2C479D92008096BC /* SceneDelegate.swift in Sources */ = {isa = PBXBuildFile; fileRef = 394B487E2C479D92008096BC /* SceneDelegate.swift */; };
		394B48812C479D92008096BC /* ViewController.swift in Sources */ = {isa = PBXBuildFile; fileRef = 394B48802C479D92008096BC /* ViewController.swift */; };
		394B48842C479D92008096BC /* Base in Resources */ = {isa = PBXBuildFile; fileRef = 394B48832C479D92008096BC /* Base */; };
		394B48862C479D93008096BC /* Assets.xcassets in Resources */ = {isa = PBXBuildFile; fileRef = 394B48852C479D93008096BC /* Assets.xcassets */; };
		394B48892C479D93008096BC /* Base in Resources */ = {isa = PBXBuildFile; fileRef = 394B48882C479D93008096BC /* Base */; };
		394B48FE2C4BC1B4008096BC /* WeatherBrain.swift in Sources */ = {isa = PBXBuildFile; fileRef = 394B48FD2C4BC1B4008096BC /* WeatherBrain.swift */; };
		394B49062C4D244D008096BC /* Localizable.strings in Resources */ = {isa = PBXBuildFile; fileRef = 394B49042C4D244D008096BC /* Localizable.strings */; };
/* End PBXBuildFile section */

/* Begin PBXFileReference section */
		394B48792C479D92008096BC /* AnimatedWeather.app */ = {isa = PBXFileReference; explicitFileType = wrapper.application; includeInIndex = 0; path = AnimatedWeather.app; sourceTree = BUILT_PRODUCTS_DIR; };
		394B487C2C479D92008096BC /* AppDelegate.swift */ = {isa = PBXFileReference; lastKnownFileType = sourcecode.swift; path = AppDelegate.swift; sourceTree = "<group>"; };
		394B487E2C479D92008096BC /* SceneDelegate.swift */ = {isa = PBXFileReference; lastKnownFileType = sourcecode.swift; path = SceneDelegate.swift; sourceTree = "<group>"; };
		394B48802C479D92008096BC /* ViewController.swift */ = {isa = PBXFileReference; lastKnownFileType = sourcecode.swift; path = ViewController.swift; sourceTree = "<group>"; };
		394B48832C479D92008096BC /* Base */ = {isa = PBXFileReference; lastKnownFileType = file.storyboard; name = Base; path = Base.lproj/Main.storyboard; sourceTree = "<group>"; };
		394B48852C479D93008096BC /* Assets.xcassets */ = {isa = PBXFileReference; lastKnownFileType = folder.assetcatalog; path = Assets.xcassets; sourceTree = "<group>"; };
		394B48882C479D93008096BC /* Base */ = {isa = PBXFileReference; lastKnownFileType = file.storyboard; name = Base; path = Base.lproj/LaunchScreen.storyboard; sourceTree = "<group>"; };
		394B488A2C479D93008096BC /* Info.plist */ = {isa = PBXFileReference; lastKnownFileType = text.plist.xml; path = Info.plist; sourceTree = "<group>"; };
		394B48FD2C4BC1B4008096BC /* WeatherBrain.swift */ = {isa = PBXFileReference; lastKnownFileType = sourcecode.swift; path = WeatherBrain.swift; sourceTree = "<group>"; };
		394B49052C4D244D008096BC /* en */ = {isa = PBXFileReference; lastKnownFileType = text.plist.strings; name = en; path = en.lproj/Localizable.strings; sourceTree = "<group>"; };
		394B49072C4D2463008096BC /* ru */ = {isa = PBXFileReference; lastKnownFileType = text.plist.strings; name = ru; path = ru.lproj/Localizable.strings; sourceTree = "<group>"; };
/* End PBXFileReference section */

/* Begin PBXFrameworksBuildPhase section */
		394B48762C479D92008096BC /* Frameworks */ = {
			isa = PBXFrameworksBuildPhase;
			buildActionMask = 2147483647;
			files = (
			);
			runOnlyForDeploymentPostprocessing = 0;
		};
/* End PBXFrameworksBuildPhase section */

/* Begin PBXGroup section */
		394B48702C479D92008096BC = {
			isa = PBXGroup;
			children = (
				394B487B2C479D92008096BC /* AnimatedWeather */,
				394B487A2C479D92008096BC /* Products */,
			);
			sourceTree = "<group>";
		};
		394B487A2C479D92008096BC /* Products */ = {
			isa = PBXGroup;
			children = (
				394B48792C479D92008096BC /* AnimatedWeather.app */,
			);
			name = Products;
			sourceTree = "<group>";
		};
		394B487B2C479D92008096BC /* AnimatedWeather */ = {
			isa = PBXGroup;
			children = (
				394B487C2C479D92008096BC /* AppDelegate.swift */,
				394B487E2C479D92008096BC /* SceneDelegate.swift */,
				394B48FA2C4BC147008096BC /* Models */,
				394B48FB2C4BC14C008096BC /* Views */,
				394B48FC2C4BC154008096BC /* Controllers */,
				394B48852C479D93008096BC /* Assets.xcassets */,
				394B48872C479D93008096BC /* LaunchScreen.storyboard */,
				394B488A2C479D93008096BC /* Info.plist */,
				394B49042C4D244D008096BC /* Localizable.strings */,
			);
			path = AnimatedWeather;
			sourceTree = "<group>";
		};
		394B48FA2C4BC147008096BC /* Models */ = {
			isa = PBXGroup;
			children = (
				394B48FD2C4BC1B4008096BC /* WeatherBrain.swift */,
			);
			path = Models;
			sourceTree = "<group>";
		};
		394B48FB2C4BC14C008096BC /* Views */ = {
			isa = PBXGroup;
			children = (
				394B48822C479D92008096BC /* Main.storyboard */,
			);
			path = Views;
			sourceTree = "<group>";
		};
		394B48FC2C4BC154008096BC /* Controllers */ = {
			isa = PBXGroup;
			children = (
				394B48802C479D92008096BC /* ViewController.swift */,
			);
			path = Controllers;
			sourceTree = "<group>";
		};
/* End PBXGroup section */

/* Begin PBXNativeTarget section */
		394B48782C479D92008096BC /* AnimatedWeather */ = {
			isa = PBXNativeTarget;
			buildConfigurationList = 394B488D2C479D93008096BC /* Build configuration list for PBXNativeTarget "AnimatedWeather" */;
			buildPhases = (
				394B48752C479D92008096BC /* Sources */,
				394B48762C479D92008096BC /* Frameworks */,
				394B48772C479D92008096BC /* Resources */,
			);
			buildRules = (
			);
			dependencies = (
			);
			name = AnimatedWeather;
			productName = AnimatedWeather;
			productReference = 394B48792C479D92008096BC /* AnimatedWeather.app */;
			productType = "com.apple.product-type.application";
		};
/* End PBXNativeTarget section */

/* Begin PBXProject section */
		394B48712C479D92008096BC /* Project object */ = {
			isa = PBXProject;
			attributes = {
				BuildIndependentTargetsInParallel = 1;
				LastSwiftUpdateCheck = 1540;
				LastUpgradeCheck = 1540;
				TargetAttributes = {
					394B48782C479D92008096BC = {
						CreatedOnToolsVersion = 15.4;
					};
				};
			};
			buildConfigurationList = 394B48742C479D92008096BC /* Build configuration list for PBXProject "AnimatedWeather" */;
			compatibilityVersion = "Xcode 14.0";
			developmentRegion = en;
			hasScannedForEncodings = 0;
			knownRegions = (
				en,
				Base,
				ru,
			);
			mainGroup = 394B48702C479D92008096BC;
			productRefGroup = 394B487A2C479D92008096BC /* Products */;
			projectDirPath = "";
			projectRoot = "";
			targets = (
				394B48782C479D92008096BC /* AnimatedWeather */,
			);
		};
/* End PBXProject section */

/* Begin PBXResourcesBuildPhase section */
		394B48772C479D92008096BC /* Resources */ = {
			isa = PBXResourcesBuildPhase;
			buildActionMask = 2147483647;
			files = (
				394B48862C479D93008096BC /* Assets.xcassets in Resources */,
				394B49062C4D244D008096BC /* Localizable.strings in Resources */,
				394B48892C479D93008096BC /* Base in Resources */,
				394B48842C479D92008096BC /* Base in Resources */,
			);
			runOnlyForDeploymentPostprocessing = 0;
		};
/* End PBXResourcesBuildPhase section */

/* Begin PBXSourcesBuildPhase section */
		394B48752C479D92008096BC /* Sources */ = {
			isa = PBXSourcesBuildPhase;
			buildActionMask = 2147483647;
			files = (
				394B48812C479D92008096BC /* ViewController.swift in Sources */,
				394B487D2C479D92008096BC /* AppDelegate.swift in Sources */,
				394B48FE2C4BC1B4008096BC /* WeatherBrain.swift in Sources */,
				394B487F2C479D92008096BC /* SceneDelegate.swift in Sources */,
			);
			runOnlyForDeploymentPostprocessing = 0;
		};
/* End PBXSourcesBuildPhase section */

/* Begin PBXVariantGroup section */
		394B48822C479D92008096BC /* Main.storyboard */ = {
			isa = PBXVariantGroup;
			children = (
				394B48832C479D92008096BC /* Base */,
			);
			name = Main.storyboard;
			sourceTree = "<group>";
		};
		394B48872C479D93008096BC /* LaunchScreen.storyboard */ = {
			isa = PBXVariantGroup;
			children = (
				394B48882C479D93008096BC /* Base */,
			);
			name = LaunchScreen.storyboard;
			sourceTree = "<group>";
		};
		394B49042C4D244D008096BC /* Localizable.strings */ = {
			isa = PBXVariantGroup;
			children = (
				394B49052C4D244D008096BC /* en */,
				394B49072C4D2463008096BC /* ru */,
			);
			name = Localizable.strings;
			sourceTree = "<group>";
		};
/* End PBXVariantGroup section */

/* Begin XCBuildConfiguration section */
		394B488B2C479D93008096BC /* Debug */ = {
			isa = XCBuildConfiguration;
			buildSettings = {
				ALWAYS_SEARCH_USER_PATHS = NO;
				ASSETCATALOG_COMPILER_GENERATE_SWIFT_ASSET_SYMBOL_EXTENSIONS = YES;
				CLANG_ANALYZER_LOCALIZABILITY_NONLOCALIZED = YES;
				CLANG_ANALYZER_NONNULL = YES;
				CLANG_ANALYZER_NUMBER_OBJECT_CONVERSION = YES_AGGRESSIVE;
				CLANG_CXX_LANGUAGE_STANDARD = "gnu++20";
				CLANG_ENABLE_MODULES = YES;
				CLANG_ENABLE_OBJC_ARC = YES;
				CLANG_ENABLE_OBJC_WEAK = YES;
				CLANG_WARN_BLOCK_CAPTURE_AUTORELEASING = YES;
				CLANG_WARN_BOOL_CONVERSION = YES;
				CLANG_WARN_COMMA = YES;
				CLANG_WARN_CONSTANT_CONVERSION = YES;
				CLANG_WARN_DEPRECATED_OBJC_IMPLEMENTATIONS = YES;
				CLANG_WARN_DIRECT_OBJC_ISA_USAGE = YES_ERROR;
				CLANG_WARN_DOCUMENTATION_COMMENTS = YES;
				CLANG_WARN_EMPTY_BODY = YES;
				CLANG_WARN_ENUM_CONVERSION = YES;
				CLANG_WARN_INFINITE_RECURSION = YES;
				CLANG_WARN_INT_CONVERSION = YES;
				CLANG_WARN_NON_LITERAL_NULL_CONVERSION = YES;
				CLANG_WARN_OBJC_IMPLICIT_RETAIN_SELF = YES;
				CLANG_WARN_OBJC_LITERAL_CONVERSION = YES;
				CLANG_WARN_OBJC_ROOT_CLASS = YES_ERROR;
				CLANG_WARN_QUOTED_INCLUDE_IN_FRAMEWORK_HEADER = YES;
				CLANG_WARN_RANGE_LOOP_ANALYSIS = YES;
				CLANG_WARN_STRICT_PROTOTYPES = YES;
				CLANG_WARN_SUSPICIOUS_MOVE = YES;
				CLANG_WARN_UNGUARDED_AVAILABILITY = YES_AGGRESSIVE;
				CLANG_WARN_UNREACHABLE_CODE = YES;
				CLANG_WARN__DUPLICATE_METHOD_MATCH = YES;
				COPY_PHASE_STRIP = NO;
				DEBUG_INFORMATION_FORMAT = dwarf;
				ENABLE_STRICT_OBJC_MSGSEND = YES;
				ENABLE_TESTABILITY = YES;
				ENABLE_USER_SCRIPT_SANDBOXING = YES;
				GCC_C_LANGUAGE_STANDARD = gnu17;
				GCC_DYNAMIC_NO_PIC = NO;
				GCC_NO_COMMON_BLOCKS = YES;
				GCC_OPTIMIZATION_LEVEL = 0;
				GCC_PREPROCESSOR_DEFINITIONS = (
					"DEBUG=1",
					"$(inherited)",
				);
				GCC_WARN_64_TO_32_BIT_CONVERSION = YES;
				GCC_WARN_ABOUT_RETURN_TYPE = YES_ERROR;
				GCC_WARN_UNDECLARED_SELECTOR = YES;
				GCC_WARN_UNINITIALIZED_AUTOS = YES_AGGRESSIVE;
				GCC_WARN_UNUSED_FUNCTION = YES;
				GCC_WARN_UNUSED_VARIABLE = YES;
				IPHONEOS_DEPLOYMENT_TARGET = 17.5;
				LOCALIZATION_PREFERS_STRING_CATALOGS = YES;
				MTL_ENABLE_DEBUG_INFO = INCLUDE_SOURCE;
				MTL_FAST_MATH = YES;
				ONLY_ACTIVE_ARCH = YES;
				SDKROOT = iphoneos;
				SWIFT_ACTIVE_COMPILATION_CONDITIONS = "DEBUG $(inherited)";
				SWIFT_OPTIMIZATION_LEVEL = "-Onone";
			};
			name = Debug;
		};
		394B488C2C479D93008096BC /* Release */ = {
			isa = XCBuildConfiguration;
			buildSettings = {
				ALWAYS_SEARCH_USER_PATHS = NO;
				ASSETCATALOG_COMPILER_GENERATE_SWIFT_ASSET_SYMBOL_EXTENSIONS = YES;
				CLANG_ANALYZER_LOCALIZABILITY_NONLOCALIZED = YES;
				CLANG_ANALYZER_NONNULL = YES;
				CLANG_ANALYZER_NUMBER_OBJECT_CONVERSION = YES_AGGRESSIVE;
				CLANG_CXX_LANGUAGE_STANDARD = "gnu++20";
				CLANG_ENABLE_MODULES = YES;
				CLANG_ENABLE_OBJC_ARC = YES;
				CLANG_ENABLE_OBJC_WEAK = YES;
				CLANG_WARN_BLOCK_CAPTURE_AUTORELEASING = YES;
				CLANG_WARN_BOOL_CONVERSION = YES;
				CLANG_WARN_COMMA = YES;
				CLANG_WARN_CONSTANT_CONVERSION = YES;
				CLANG_WARN_DEPRECATED_OBJC_IMPLEMENTATIONS = YES;
				CLANG_WARN_DIRECT_OBJC_ISA_USAGE = YES_ERROR;
				CLANG_WARN_DOCUMENTATION_COMMENTS = YES;
				CLANG_WARN_EMPTY_BODY = YES;
				CLANG_WARN_ENUM_CONVERSION = YES;
				CLANG_WARN_INFINITE_RECURSION = YES;
				CLANG_WARN_INT_CONVERSION = YES;
				CLANG_WARN_NON_LITERAL_NULL_CONVERSION = YES;
				CLANG_WARN_OBJC_IMPLICIT_RETAIN_SELF = YES;
				CLANG_WARN_OBJC_LITERAL_CONVERSION = YES;
				CLANG_WARN_OBJC_ROOT_CLASS = YES_ERROR;
				CLANG_WARN_QUOTED_INCLUDE_IN_FRAMEWORK_HEADER = YES;
				CLANG_WARN_RANGE_LOOP_ANALYSIS = YES;
				CLANG_WARN_STRICT_PROTOTYPES = YES;
				CLANG_WARN_SUSPICIOUS_MOVE = YES;
				CLANG_WARN_UNGUARDED_AVAILABILITY = YES_AGGRESSIVE;
				CLANG_WARN_UNREACHABLE_CODE = YES;
				CLANG_WARN__DUPLICATE_METHOD_MATCH = YES;
				COPY_PHASE_STRIP = NO;
				DEBUG_INFORMATION_FORMAT = "dwarf-with-dsym";
				ENABLE_NS_ASSERTIONS = NO;
				ENABLE_STRICT_OBJC_MSGSEND = YES;
				ENABLE_USER_SCRIPT_SANDBOXING = YES;
				GCC_C_LANGUAGE_STANDARD = gnu17;
				GCC_NO_COMMON_BLOCKS = YES;
				GCC_WARN_64_TO_32_BIT_CONVERSION = YES;
				GCC_WARN_ABOUT_RETURN_TYPE = YES_ERROR;
				GCC_WARN_UNDECLARED_SELECTOR = YES;
				GCC_WARN_UNINITIALIZED_AUTOS = YES_AGGRESSIVE;
				GCC_WARN_UNUSED_FUNCTION = YES;
				GCC_WARN_UNUSED_VARIABLE = YES;
				IPHONEOS_DEPLOYMENT_TARGET = 17.5;
				LOCALIZATION_PREFERS_STRING_CATALOGS = YES;
				MTL_ENABLE_DEBUG_INFO = NO;
				MTL_FAST_MATH = YES;
				SDKROOT = iphoneos;
				SWIFT_COMPILATION_MODE = wholemodule;
				VALIDATE_PRODUCT = YES;
			};
			name = Release;
		};
		394B488E2C479D93008096BC /* Debug */ = {
			isa = XCBuildConfiguration;
			buildSettings = {
				ASSETCATALOG_COMPILER_APPICON_NAME = AppIcon;
				ASSETCATALOG_COMPILER_GLOBAL_ACCENT_COLOR_NAME = AccentColor;
				CODE_SIGN_STYLE = Automatic;
				CURRENT_PROJECT_VERSION = 1;
				DEVELOPMENT_TEAM = 68XH7VUHP2;
				GENERATE_INFOPLIST_FILE = YES;
				INFOPLIST_FILE = AnimatedWeather/Info.plist;
				INFOPLIST_KEY_UIApplicationSupportsIndirectInputEvents = YES;
				INFOPLIST_KEY_UILaunchStoryboardName = LaunchScreen;
				INFOPLIST_KEY_UIMainStoryboardFile = Main;
				INFOPLIST_KEY_UISupportedInterfaceOrientations_iPad = "UIInterfaceOrientationPortrait UIInterfaceOrientationPortraitUpsideDown UIInterfaceOrientationLandscapeLeft UIInterfaceOrientationLandscapeRight";
				INFOPLIST_KEY_UISupportedInterfaceOrientations_iPhone = "UIInterfaceOrientationPortrait UIInterfaceOrientationLandscapeLeft UIInterfaceOrientationLandscapeRight";
				LD_RUNPATH_SEARCH_PATHS = (
					"$(inherited)",
					"@executable_path/Frameworks",
				);
				MARKETING_VERSION = 1.0;
				PRODUCT_BUNDLE_IDENTIFIER = Yera.AnimatedWeather;
				PRODUCT_NAME = "$(TARGET_NAME)";
				SWIFT_EMIT_LOC_STRINGS = YES;
				SWIFT_VERSION = 5.0;
				TARGETED_DEVICE_FAMILY = "1,2";
			};
			name = Debug;
		};
		394B488F2C479D93008096BC /* Release */ = {
			isa = XCBuildConfiguration;
			buildSettings = {
				ASSETCATALOG_COMPILER_APPICON_NAME = AppIcon;
				ASSETCATALOG_COMPILER_GLOBAL_ACCENT_COLOR_NAME = AccentColor;
				CODE_SIGN_STYLE = Automatic;
				CURRENT_PROJECT_VERSION = 1;
				DEVELOPMENT_TEAM = 68XH7VUHP2;
				GENERATE_INFOPLIST_FILE = YES;
				INFOPLIST_FILE = AnimatedWeather/Info.plist;
				INFOPLIST_KEY_UIApplicationSupportsIndirectInputEvents = YES;
				INFOPLIST_KEY_UILaunchStoryboardName = LaunchScreen;
				INFOPLIST_KEY_UIMainStoryboardFile = Main;
				INFOPLIST_KEY_UISupportedInterfaceOrientations_iPad = "UIInterfaceOrientationPortrait UIInterfaceOrientationPortraitUpsideDown UIInterfaceOrientationLandscapeLeft UIInterfaceOrientationLandscapeRight";
				INFOPLIST_KEY_UISupportedInterfaceOrientations_iPhone = "UIInterfaceOrientationPortrait UIInterfaceOrientationLandscapeLeft UIInterfaceOrientationLandscapeRight";
				LD_RUNPATH_SEARCH_PATHS = (
					"$(inherited)",
					"@executable_path/Frameworks",
				);
				MARKETING_VERSION = 1.0;
				PRODUCT_BUNDLE_IDENTIFIER = Yera.AnimatedWeather;
				PRODUCT_NAME = "$(TARGET_NAME)";
				SWIFT_EMIT_LOC_STRINGS = YES;
				SWIFT_VERSION = 5.0;
				TARGETED_DEVICE_FAMILY = "1,2";
			};
			name = Release;
		};
/* End XCBuildConfiguration section */

/* Begin XCConfigurationList section */
		394B48742C479D92008096BC /* Build configuration list for PBXProject "AnimatedWeather" */ = {
			isa = XCConfigurationList;
			buildConfigurations = (
				394B488B2C479D93008096BC /* Debug */,
				394B488C2C479D93008096BC /* Release */,
			);
			defaultConfigurationIsVisible = 0;
			defaultConfigurationName = Release;
		};
		394B488D2C479D93008096BC /* Build configuration list for PBXNativeTarget "AnimatedWeather" */ = {
			isa = XCConfigurationList;
			buildConfigurations = (
				394B488E2C479D93008096BC /* Debug */,
				394B488F2C479D93008096BC /* Release */,
			);
			defaultConfigurationIsVisible = 0;
			defaultConfigurationName = Release;
		};
/* End XCConfigurationList section */
	};
	rootObject = 394B48712C479D92008096BC /* Project object */;
}
